
Microsoft Visual Studio Solution File, Format Version 12.00
# Visual Studio Version 16
VisualStudioVersion = 16.0.29403.142
MinimumVisualStudioVersion = 15.0.26124.0
Project("{2150E333-8FDC-42A3-9474-1A3956D46DE8}") = "Gateway", "Gateway", "{DFC7B32D-243F-4746-9029-48A4DFF142DD}"
EndProject
Project("{2150E333-8FDC-42A3-9474-1A3956D46DE8}") = "Security", "Security", "{BA8DDBC3-A35D-418F-B545-FD83E6AEB177}"
EndProject
Project("{2150E333-8FDC-42A3-9474-1A3956D46DE8}") = "Endpoints", "Endpoints", "{A9CFCFAF-45EF-48AC-9768-D1BF5919BA25}"
EndProject
Project("{FAE04EC0-301F-11D3-BF4B-00C04F79EFBC}") = "ApiGateway", "ApiGateway\ApiGateway.csproj", "{B4EE5BFB-1B16-472D-BCE6-ADD561371A68}"
EndProject
Global
	GlobalSection(SolutionConfigurationPlatforms) = preSolution
		Debug|Any CPU = Debug|Any CPU
		Debug|x64 = Debug|x64
		Debug|x86 = Debug|x86
		Release|Any CPU = Release|Any CPU
		Release|x64 = Release|x64
		Release|x86 = Release|x86
	EndGlobalSection
	GlobalSection(ProjectConfigurationPlatforms) = postSolution
		{B4EE5BFB-1B16-472D-BCE6-ADD561371A68}.Debug|Any CPU.ActiveCfg = Debug|Any CPU
		{B4EE5BFB-1B16-472D-BCE6-ADD561371A68}.Debug|Any CPU.Build.0 = Debug|Any CPU
		{B4EE5BFB-1B16-472D-BCE6-ADD561371A68}.Debug|x64.ActiveCfg = Debug|Any CPU
		{B4EE5BFB-1B16-472D-BCE6-ADD561371A68}.Debug|x64.Build.0 = Debug|Any CPU
		{B4EE5BFB-1B16-472D-BCE6-ADD561371A68}.Debug|x86.ActiveCfg = Debug|Any CPU
		{B4EE5BFB-1B16-472D-BCE6-ADD561371A68}.Debug|x86.Build.0 = Debug|Any CPU
		{B4EE5BFB-1B16-472D-BCE6-ADD561371A68}.Release|Any CPU.ActiveCfg = Release|Any CPU
		{B4EE5BFB-1B16-472D-BCE6-ADD561371A68}.Release|Any CPU.Build.0 = Release|Any CPU
		{B4EE5BFB-1B16-472D-BCE6-ADD561371A68}.Release|x64.ActiveCfg = Release|Any CPU
		{B4EE5BFB-1B16-472D-BCE6-ADD561371A68}.Release|x64.Build.0 = Release|Any CPU
		{B4EE5BFB-1B16-472D-BCE6-ADD561371A68}.Release|x86.ActiveCfg = Release|Any CPU
		{B4EE5BFB-1B16-472D-BCE6-ADD561371A68}.Release|x86.Build.0 = Release|Any CPU
	EndGlobalSection
	GlobalSection(SolutionProperties) = preSolution
		HideSolutionNode = FALSE
	EndGlobalSection
	GlobalSection(NestedProjects) = preSolution
		{B4EE5BFB-1B16-472D-BCE6-ADD561371A68} = {DFC7B32D-243F-4746-9029-48A4DFF142DD}
	EndGlobalSection
	GlobalSection(ExtensibilityGlobals) = postSolution
		SolutionGuid = {12719BD6-4CE9-44F1-A061-AA0F01284D8B}
	EndGlobalSection
EndGlobal
